
Microsoft Visual Studio Solution File, Format Version 12.00
# Visual Studio Version 16
VisualStudioVersion = 16.0.28729.10
MinimumVisualStudioVersion = 10.0.40219.1
Project("{FAE04EC0-301F-11D3-BF4B-00C04F79EFBC}") = "task1", "task1.csproj", "{AF54FC90-815B-4242-B619-028C8144071E}"
EndProject
Project("{FAE04EC0-301F-11D3-BF4B-00C04F79EFBC}") = "task2", "..\task2\task2.csproj", "{C2B05FC2-6493-403D-B0FF-7D5252A89E8C}"
EndProject
Project("{FAE04EC0-301F-11D3-BF4B-00C04F79EFBC}") = "task3", "..\task3\task3.csproj", "{2918087C-5441-454E-A4F6-BBEF5D45DBAC}"
EndProject
Global
	GlobalSection(SolutionConfigurationPlatforms) = preSolution
		Debug|Any CPU = Debug|Any CPU
		Release|Any CPU = Release|Any CPU
	EndGlobalSection
	GlobalSection(ProjectConfigurationPlatforms) = postSolution
		{AF54FC90-815B-4242-B619-028C8144071E}.Debug|Any CPU.ActiveCfg = Debug|Any CPU
		{AF54FC90-815B-4242-B619-028C8144071E}.Debug|Any CPU.Build.0 = Debug|Any CPU
		{AF54FC90-815B-4242-B619-028C8144071E}.Release|Any CPU.ActiveCfg = Release|Any CPU
		{AF54FC90-815B-4242-B619-028C8144071E}.Release|Any CPU.Build.0 = Release|Any CPU
		{C2B05FC2-6493-403D-B0FF-7D5252A89E8C}.Debug|Any CPU.ActiveCfg = Debug|Any CPU
		{C2B05FC2-6493-403D-B0FF-7D5252A89E8C}.Debug|Any CPU.Build.0 = Debug|Any CPU
		{C2B05FC2-6493-403D-B0FF-7D5252A89E8C}.Release|Any CPU.ActiveCfg = Release|Any CPU
		{C2B05FC2-6493-403D-B0FF-7D5252A89E8C}.Release|Any CPU.Build.0 = Release|Any CPU
		{2918087C-5441-454E-A4F6-BBEF5D45DBAC}.Debug|Any CPU.ActiveCfg = Debug|Any CPU
		{2918087C-5441-454E-A4F6-BBEF5D45DBAC}.Debug|Any CPU.Build.0 = Debug|Any CPU
		{2918087C-5441-454E-A4F6-BBEF5D45DBAC}.Release|Any CPU.ActiveCfg = Release|Any CPU
		{2918087C-5441-454E-A4F6-BBEF5D45DBAC}.Release|Any CPU.Build.0 = Release|Any CPU
	EndGlobalSection
	GlobalSection(SolutionProperties) = preSolution
		HideSolutionNode = FALSE
	EndGlobalSection
	GlobalSection(ExtensibilityGlobals) = postSolution
		SolutionGuid = {DE9B4FE0-9FA1-4180-8361-00D5F4543290}
	EndGlobalSection
EndGlobal
